
Microsoft Visual Studio Solution File, Format Version 12.00
# Visual Studio Version 16
VisualStudioVersion = 16.0.32002.261
MinimumVisualStudioVersion = 10.0.40219.1
Project("{2150E333-8FDC-42A3-9474-1A3956D46DE8}") = "Services", "Services", "{0306BC7C-AA36-4D15-9164-515978E16049}"
EndProject
Project("{2150E333-8FDC-42A3-9474-1A3956D46DE8}") = "Catalog", "Catalog", "{999D939E-1C91-415A-AA6D-13D4AB92E373}"
EndProject
Project("{FAE04EC0-301F-11D3-BF4B-00C04F79EFBC}") = "Catalog.API", "Services\Catalog\Catalog.API\Catalog.API.csproj", "{C928304A-79D5-4582-AF50-EBDDAB781732}"
EndProject
Global
	GlobalSection(SolutionConfigurationPlatforms) = preSolution
		Debug|Any CPU = Debug|Any CPU
		Release|Any CPU = Release|Any CPU
	EndGlobalSection
	GlobalSection(ProjectConfigurationPlatforms) = postSolution
		{C928304A-79D5-4582-AF50-EBDDAB781732}.Debug|Any CPU.ActiveCfg = Debug|Any CPU
		{C928304A-79D5-4582-AF50-EBDDAB781732}.Debug|Any CPU.Build.0 = Debug|Any CPU
		{C928304A-79D5-4582-AF50-EBDDAB781732}.Release|Any CPU.ActiveCfg = Release|Any CPU
		{C928304A-79D5-4582-AF50-EBDDAB781732}.Release|Any CPU.Build.0 = Release|Any CPU
	EndGlobalSection
	GlobalSection(SolutionProperties) = preSolution
		HideSolutionNode = FALSE
	EndGlobalSection
	GlobalSection(NestedProjects) = preSolution
		{999D939E-1C91-415A-AA6D-13D4AB92E373} = {0306BC7C-AA36-4D15-9164-515978E16049}
		{C928304A-79D5-4582-AF50-EBDDAB781732} = {999D939E-1C91-415A-AA6D-13D4AB92E373}
	EndGlobalSection
	GlobalSection(ExtensibilityGlobals) = postSolution
		SolutionGuid = {70931197-56F4-4410-A18B-4ED5236CC61D}
	EndGlobalSection
EndGlobal
